
Microsoft Visual Studio Solution File, Format Version 12.00
# Visual Studio Version 17
VisualStudioVersion = 17.12.35527.113 d17.12
MinimumVisualStudioVersion = 10.0.40219.1
Project("{2150E333-8FDC-42A3-9474-1A3956D46DE8}") = "Client", "Client", "{55369FA7-D065-477E-B6F0-E0A75E97167D}"
EndProject
Project("{2150E333-8FDC-42A3-9474-1A3956D46DE8}") = "Core", "Core", "{3E918C5F-924E-4263-BCF8-9ED00AF589D6}"
EndProject
Project("{2150E333-8FDC-42A3-9474-1A3956D46DE8}") = "Infra", "Infra", "{58A66409-9742-4B06-92B7-FAAED1F0FFA0}"
EndProject
Project("{FAE04EC0-301F-11D3-BF4B-00C04F79EFBC}") = "Audicon.Client.Common", "src\Audicon.Client.Common\Audicon.Client.Common.csproj", "{BB1CFCD5-421F-4D7C-8875-9FE25FA5D410}"
EndProject
Project("{FAE04EC0-301F-11D3-BF4B-00C04F79EFBC}") = "Audicon.Client.API", "src\Audicon.Client.API\Audicon.Client.API.csproj", "{CD73C4D3-067A-4788-870B-7023E91C9C73}"
EndProject
Project("{FAE04EC0-301F-11D3-BF4B-00C04F79EFBC}") = "Audicon.Core.Business", "src\Audicon.Core.Business\Audicon.Core.Business.csproj", "{E5D1F735-2645-4284-BFCA-7F345B7FFF2E}"
EndProject
Project("{FAE04EC0-301F-11D3-BF4B-00C04F79EFBC}") = "Audicon.Infra.RelationalData", "src\Audicon.Infra.RelationalData\Audicon.Infra.RelationalData.csproj", "{83045C48-AA34-4856-BF23-8A60150590ED}"
EndProject
Global
	GlobalSection(SolutionConfigurationPlatforms) = preSolution
		Debug|Any CPU = Debug|Any CPU
		Release|Any CPU = Release|Any CPU
	EndGlobalSection
	GlobalSection(ProjectConfigurationPlatforms) = postSolution
		{BB1CFCD5-421F-4D7C-8875-9FE25FA5D410}.Debug|Any CPU.ActiveCfg = Debug|Any CPU
		{BB1CFCD5-421F-4D7C-8875-9FE25FA5D410}.Debug|Any CPU.Build.0 = Debug|Any CPU
		{BB1CFCD5-421F-4D7C-8875-9FE25FA5D410}.Release|Any CPU.ActiveCfg = Release|Any CPU
		{BB1CFCD5-421F-4D7C-8875-9FE25FA5D410}.Release|Any CPU.Build.0 = Release|Any CPU
		{CD73C4D3-067A-4788-870B-7023E91C9C73}.Debug|Any CPU.ActiveCfg = Debug|Any CPU
		{CD73C4D3-067A-4788-870B-7023E91C9C73}.Debug|Any CPU.Build.0 = Debug|Any CPU
		{CD73C4D3-067A-4788-870B-7023E91C9C73}.Release|Any CPU.ActiveCfg = Release|Any CPU
		{CD73C4D3-067A-4788-870B-7023E91C9C73}.Release|Any CPU.Build.0 = Release|Any CPU
		{E5D1F735-2645-4284-BFCA-7F345B7FFF2E}.Debug|Any CPU.ActiveCfg = Debug|Any CPU
		{E5D1F735-2645-4284-BFCA-7F345B7FFF2E}.Debug|Any CPU.Build.0 = Debug|Any CPU
		{E5D1F735-2645-4284-BFCA-7F345B7FFF2E}.Release|Any CPU.ActiveCfg = Release|Any CPU
		{E5D1F735-2645-4284-BFCA-7F345B7FFF2E}.Release|Any CPU.Build.0 = Release|Any CPU
		{83045C48-AA34-4856-BF23-8A60150590ED}.Debug|Any CPU.ActiveCfg = Debug|Any CPU
		{83045C48-AA34-4856-BF23-8A60150590ED}.Debug|Any CPU.Build.0 = Debug|Any CPU
		{83045C48-AA34-4856-BF23-8A60150590ED}.Release|Any CPU.ActiveCfg = Release|Any CPU
		{83045C48-AA34-4856-BF23-8A60150590ED}.Release|Any CPU.Build.0 = Release|Any CPU
	EndGlobalSection
	GlobalSection(SolutionProperties) = preSolution
		HideSolutionNode = FALSE
	EndGlobalSection
	GlobalSection(NestedProjects) = preSolution
		{BB1CFCD5-421F-4D7C-8875-9FE25FA5D410} = {55369FA7-D065-477E-B6F0-E0A75E97167D}
		{CD73C4D3-067A-4788-870B-7023E91C9C73} = {55369FA7-D065-477E-B6F0-E0A75E97167D}
		{E5D1F735-2645-4284-BFCA-7F345B7FFF2E} = {3E918C5F-924E-4263-BCF8-9ED00AF589D6}
		{83045C48-AA34-4856-BF23-8A60150590ED} = {58A66409-9742-4B06-92B7-FAAED1F0FFA0}
	EndGlobalSection
EndGlobal
